// !$*UTF8*$!
{
	archiveVersion = 1;
	classes = {
	};
	objectVersion = 56;
	objects = {

/* Begin PBXBuildFile section */
		447433AD29CAC7E50062AFED /* PostalgicApp.swift in Sources */ = {isa = PBXBuildFile; fileRef = 447433AC29CAC7E50062AFED /* PostalgicApp.swift */; };
		447433AF29CAC7E50062AFED /* ContentView.swift in Sources */ = {isa = PBXBuildFile; fileRef = 447433AE29CAC7E50062AFED /* ContentView.swift */; };
		447433B129CAC7E50062AFED /* Assets.xcassets in Resources */ = {isa = PBXBuildFile; fileRef = 447433B029CAC7E50062AFED /* Assets.xcassets */; };
		447433B429CAC7E50062AFED /* Preview Assets.xcassets in Resources */ = {isa = PBXBuildFile; fileRef = 447433B329CAC7E50062AFED /* Preview Assets.xcassets */; };
		447433B629CAC7E50062AFED /* Persistence.swift in Sources */ = {isa = PBXBuildFile; fileRef = 447433B529CAC7E50062AFED /* Persistence.swift */; };
		447433B929CAC7E50062AFED /* Postalgic.xcdatamodeld in Sources */ = {isa = PBXBuildFile; fileRef = 447433B729CAC7E50062AFED /* Postalgic.xcdatamodeld */; };
		447433D029CAD0BF0062AFED /* Post+CoreDataClass.swift in Sources */ = {isa = PBXBuildFile; fileRef = 447433CC29CAD0BF0062AFED /* Post+CoreDataClass.swift */; };
		447433D129CAD0BF0062AFED /* Post+CoreDataProperties.swift in Sources */ = {isa = PBXBuildFile; fileRef = 447433CD29CAD0BF0062AFED /* Post+CoreDataProperties.swift */; };
		447433D229CAD0BF0062AFED /* PostBlock+CoreDataClass.swift in Sources */ = {isa = PBXBuildFile; fileRef = 447433CE29CAD0BF0062AFED /* PostBlock+CoreDataClass.swift */; };
		447433D329CAD0BF0062AFED /* PostBlock+CoreDataProperties.swift in Sources */ = {isa = PBXBuildFile; fileRef = 447433CF29CAD0BF0062AFED /* PostBlock+CoreDataProperties.swift */; };
/* End PBXBuildFile section */

/* Begin PBXFileReference section */
		447433A929CAC7E50062AFED /* Postalgic.app */ = {isa = PBXFileReference; explicitFileType = wrapper.application; includeInIndex = 0; path = Postalgic.app; sourceTree = BUILT_PRODUCTS_DIR; };
		447433AC29CAC7E50062AFED /* PostalgicApp.swift */ = {isa = PBXFileReference; lastKnownFileType = sourcecode.swift; path = PostalgicApp.swift; sourceTree = "<group>"; };
		447433AE29CAC7E50062AFED /* ContentView.swift */ = {isa = PBXFileReference; lastKnownFileType = sourcecode.swift; path = ContentView.swift; sourceTree = "<group>"; };
		447433B029CAC7E50062AFED /* Assets.xcassets */ = {isa = PBXFileReference; lastKnownFileType = folder.assetcatalog; path = Assets.xcassets; sourceTree = "<group>"; };
		447433B329CAC7E50062AFED /* Preview Assets.xcassets */ = {isa = PBXFileReference; lastKnownFileType = folder.assetcatalog; path = "Preview Assets.xcassets"; sourceTree = "<group>"; };
		447433B529CAC7E50062AFED /* Persistence.swift */ = {isa = PBXFileReference; lastKnownFileType = sourcecode.swift; path = Persistence.swift; sourceTree = "<group>"; };
		447433B829CAC7E50062AFED /* Postalgic.xcdatamodel */ = {isa = PBXFileReference; lastKnownFileType = wrapper.xcdatamodel; path = Postalgic.xcdatamodel; sourceTree = "<group>"; };
		447433CC29CAD0BF0062AFED /* Post+CoreDataClass.swift */ = {isa = PBXFileReference; lastKnownFileType = sourcecode.swift; path = "Post+CoreDataClass.swift"; sourceTree = "<group>"; };
		447433CD29CAD0BF0062AFED /* Post+CoreDataProperties.swift */ = {isa = PBXFileReference; lastKnownFileType = sourcecode.swift; path = "Post+CoreDataProperties.swift"; sourceTree = "<group>"; };
		447433CE29CAD0BF0062AFED /* PostBlock+CoreDataClass.swift */ = {isa = PBXFileReference; lastKnownFileType = sourcecode.swift; path = "PostBlock+CoreDataClass.swift"; sourceTree = "<group>"; };
		447433CF29CAD0BF0062AFED /* PostBlock+CoreDataProperties.swift */ = {isa = PBXFileReference; lastKnownFileType = sourcecode.swift; path = "PostBlock+CoreDataProperties.swift"; sourceTree = "<group>"; };
/* End PBXFileReference section */

/* Begin PBXFrameworksBuildPhase section */
		447433A629CAC7E50062AFED /* Frameworks */ = {
			isa = PBXFrameworksBuildPhase;
			buildActionMask = 2147483647;
			files = (
			);
			runOnlyForDeploymentPostprocessing = 0;
		};
/* End PBXFrameworksBuildPhase section */

/* Begin PBXGroup section */
		447433A029CAC7E50062AFED = {
			isa = PBXGroup;
			children = (
				447433AB29CAC7E50062AFED /* Postalgic */,
				447433AA29CAC7E50062AFED /* Products */,
			);
			sourceTree = "<group>";
		};
		447433AA29CAC7E50062AFED /* Products */ = {
			isa = PBXGroup;
			children = (
				447433A929CAC7E50062AFED /* Postalgic.app */,
			);
			name = Products;
			sourceTree = "<group>";
		};
		447433AB29CAC7E50062AFED /* Postalgic */ = {
			isa = PBXGroup;
			children = (
				447433CB29CAD05D0062AFED /* Models */,
				447433AC29CAC7E50062AFED /* PostalgicApp.swift */,
				447433AE29CAC7E50062AFED /* ContentView.swift */,
				447433B029CAC7E50062AFED /* Assets.xcassets */,
				447433B529CAC7E50062AFED /* Persistence.swift */,
				447433B729CAC7E50062AFED /* Postalgic.xcdatamodeld */,
				447433B229CAC7E50062AFED /* Preview Content */,
			);
			path = Postalgic;
			sourceTree = "<group>";
		};
		447433B229CAC7E50062AFED /* Preview Content */ = {
			isa = PBXGroup;
			children = (
				447433B329CAC7E50062AFED /* Preview Assets.xcassets */,
			);
			path = "Preview Content";
			sourceTree = "<group>";
		};
		447433CB29CAD05D0062AFED /* Models */ = {
			isa = PBXGroup;
			children = (
				447433CC29CAD0BF0062AFED /* Post+CoreDataClass.swift */,
				447433CD29CAD0BF0062AFED /* Post+CoreDataProperties.swift */,
				447433CE29CAD0BF0062AFED /* PostBlock+CoreDataClass.swift */,
				447433CF29CAD0BF0062AFED /* PostBlock+CoreDataProperties.swift */,
			);
			path = Models;
			sourceTree = "<group>";
		};
/* End PBXGroup section */

/* Begin PBXNativeTarget section */
		447433A829CAC7E50062AFED /* Postalgic */ = {
			isa = PBXNativeTarget;
			buildConfigurationList = 447433BC29CAC7E50062AFED /* Build configuration list for PBXNativeTarget "Postalgic" */;
			buildPhases = (
				447433A529CAC7E50062AFED /* Sources */,
				447433A629CAC7E50062AFED /* Frameworks */,
				447433A729CAC7E50062AFED /* Resources */,
			);
			buildRules = (
			);
			dependencies = (
			);
			name = Postalgic;
			productName = Postalgic;
			productReference = 447433A929CAC7E50062AFED /* Postalgic.app */;
			productType = "com.apple.product-type.application";
		};
/* End PBXNativeTarget section */

/* Begin PBXProject section */
		447433A129CAC7E50062AFED /* Project object */ = {
			isa = PBXProject;
			attributes = {
				BuildIndependentTargetsInParallel = 1;
				LastSwiftUpdateCheck = 1420;
				LastUpgradeCheck = 1420;
				TargetAttributes = {
					447433A829CAC7E50062AFED = {
						CreatedOnToolsVersion = 14.2;
					};
				};
			};
			buildConfigurationList = 447433A429CAC7E50062AFED /* Build configuration list for PBXProject "Postalgic" */;
			compatibilityVersion = "Xcode 14.0";
			developmentRegion = en;
			hasScannedForEncodings = 0;
			knownRegions = (
				en,
				Base,
			);
			mainGroup = 447433A029CAC7E50062AFED;
			productRefGroup = 447433AA29CAC7E50062AFED /* Products */;
			projectDirPath = "";
			projectRoot = "";
			targets = (
				447433A829CAC7E50062AFED /* Postalgic */,
			);
		};
/* End PBXProject section */

/* Begin PBXResourcesBuildPhase section */
		447433A729CAC7E50062AFED /* Resources */ = {
			isa = PBXResourcesBuildPhase;
			buildActionMask = 2147483647;
			files = (
				447433B429CAC7E50062AFED /* Preview Assets.xcassets in Resources */,
				447433B129CAC7E50062AFED /* Assets.xcassets in Resources */,
			);
			runOnlyForDeploymentPostprocessing = 0;
		};
/* End PBXResourcesBuildPhase section */

/* Begin PBXSourcesBuildPhase section */
		447433A529CAC7E50062AFED /* Sources */ = {
			isa = PBXSourcesBuildPhase;
			buildActionMask = 2147483647;
			files = (
				447433B929CAC7E50062AFED /* Postalgic.xcdatamodeld in Sources */,
				447433B629CAC7E50062AFED /* Persistence.swift in Sources */,
				447433D029CAD0BF0062AFED /* Post+CoreDataClass.swift in Sources */,
				447433D229CAD0BF0062AFED /* PostBlock+CoreDataClass.swift in Sources */,
				447433AF29CAC7E50062AFED /* ContentView.swift in Sources */,
				447433D329CAD0BF0062AFED /* PostBlock+CoreDataProperties.swift in Sources */,
				447433AD29CAC7E50062AFED /* PostalgicApp.swift in Sources */,
				447433D129CAD0BF0062AFED /* Post+CoreDataProperties.swift in Sources */,
			);
			runOnlyForDeploymentPostprocessing = 0;
		};
/* End PBXSourcesBuildPhase section */

/* Begin XCBuildConfiguration section */
		447433BA29CAC7E50062AFED /* Debug */ = {
			isa = XCBuildConfiguration;
			buildSettings = {
				ALWAYS_SEARCH_USER_PATHS = NO;
				CLANG_ANALYZER_NONNULL = YES;
				CLANG_ANALYZER_NUMBER_OBJECT_CONVERSION = YES_AGGRESSIVE;
				CLANG_CXX_LANGUAGE_STANDARD = "gnu++20";
				CLANG_ENABLE_MODULES = YES;
				CLANG_ENABLE_OBJC_ARC = YES;
				CLANG_ENABLE_OBJC_WEAK = YES;
				CLANG_WARN_BLOCK_CAPTURE_AUTORELEASING = YES;
				CLANG_WARN_BOOL_CONVERSION = YES;
				CLANG_WARN_COMMA = YES;
				CLANG_WARN_CONSTANT_CONVERSION = YES;
				CLANG_WARN_DEPRECATED_OBJC_IMPLEMENTATIONS = YES;
				CLANG_WARN_DIRECT_OBJC_ISA_USAGE = YES_ERROR;
				CLANG_WARN_DOCUMENTATION_COMMENTS = YES;
				CLANG_WARN_EMPTY_BODY = YES;
				CLANG_WARN_ENUM_CONVERSION = YES;
				CLANG_WARN_INFINITE_RECURSION = YES;
				CLANG_WARN_INT_CONVERSION = YES;
				CLANG_WARN_NON_LITERAL_NULL_CONVERSION = YES;
				CLANG_WARN_OBJC_IMPLICIT_RETAIN_SELF = YES;
				CLANG_WARN_OBJC_LITERAL_CONVERSION = YES;
				CLANG_WARN_OBJC_ROOT_CLASS = YES_ERROR;
				CLANG_WARN_QUOTED_INCLUDE_IN_FRAMEWORK_HEADER = YES;
				CLANG_WARN_RANGE_LOOP_ANALYSIS = YES;
				CLANG_WARN_STRICT_PROTOTYPES = YES;
				CLANG_WARN_SUSPICIOUS_MOVE = YES;
				CLANG_WARN_UNGUARDED_AVAILABILITY = YES_AGGRESSIVE;
				CLANG_WARN_UNREACHABLE_CODE = YES;
				CLANG_WARN__DUPLICATE_METHOD_MATCH = YES;
				COPY_PHASE_STRIP = NO;
				DEBUG_INFORMATION_FORMAT = dwarf;
				ENABLE_STRICT_OBJC_MSGSEND = YES;
				ENABLE_TESTABILITY = YES;
				GCC_C_LANGUAGE_STANDARD = gnu11;
				GCC_DYNAMIC_NO_PIC = NO;
				GCC_NO_COMMON_BLOCKS = YES;
				GCC_OPTIMIZATION_LEVEL = 0;
				GCC_PREPROCESSOR_DEFINITIONS = (
					"DEBUG=1",
					"$(inherited)",
				);
				GCC_WARN_64_TO_32_BIT_CONVERSION = YES;
				GCC_WARN_ABOUT_RETURN_TYPE = YES_ERROR;
				GCC_WARN_UNDECLARED_SELECTOR = YES;
				GCC_WARN_UNINITIALIZED_AUTOS = YES_AGGRESSIVE;
				GCC_WARN_UNUSED_FUNCTION = YES;
				GCC_WARN_UNUSED_VARIABLE = YES;
				IPHONEOS_DEPLOYMENT_TARGET = 16.2;
				MTL_ENABLE_DEBUG_INFO = INCLUDE_SOURCE;
				MTL_FAST_MATH = YES;
				ONLY_ACTIVE_ARCH = YES;
				SDKROOT = iphoneos;
				SWIFT_ACTIVE_COMPILATION_CONDITIONS = DEBUG;
				SWIFT_OPTIMIZATION_LEVEL = "-Onone";
			};
			name = Debug;
		};
		447433BB29CAC7E50062AFED /* Release */ = {
			isa = XCBuildConfiguration;
			buildSettings = {
				ALWAYS_SEARCH_USER_PATHS = NO;
				CLANG_ANALYZER_NONNULL = YES;
				CLANG_ANALYZER_NUMBER_OBJECT_CONVERSION = YES_AGGRESSIVE;
				CLANG_CXX_LANGUAGE_STANDARD = "gnu++20";
				CLANG_ENABLE_MODULES = YES;
				CLANG_ENABLE_OBJC_ARC = YES;
				CLANG_ENABLE_OBJC_WEAK = YES;
				CLANG_WARN_BLOCK_CAPTURE_AUTORELEASING = YES;
				CLANG_WARN_BOOL_CONVERSION = YES;
				CLANG_WARN_COMMA = YES;
				CLANG_WARN_CONSTANT_CONVERSION = YES;
				CLANG_WARN_DEPRECATED_OBJC_IMPLEMENTATIONS = YES;
				CLANG_WARN_DIRECT_OBJC_ISA_USAGE = YES_ERROR;
				CLANG_WARN_DOCUMENTATION_COMMENTS = YES;
				CLANG_WARN_EMPTY_BODY = YES;
				CLANG_WARN_ENUM_CONVERSION = YES;
				CLANG_WARN_INFINITE_RECURSION = YES;
				CLANG_WARN_INT_CONVERSION = YES;
				CLANG_WARN_NON_LITERAL_NULL_CONVERSION = YES;
				CLANG_WARN_OBJC_IMPLICIT_RETAIN_SELF = YES;
				CLANG_WARN_OBJC_LITERAL_CONVERSION = YES;
				CLANG_WARN_OBJC_ROOT_CLASS = YES_ERROR;
				CLANG_WARN_QUOTED_INCLUDE_IN_FRAMEWORK_HEADER = YES;
				CLANG_WARN_RANGE_LOOP_ANALYSIS = YES;
				CLANG_WARN_STRICT_PROTOTYPES = YES;
				CLANG_WARN_SUSPICIOUS_MOVE = YES;
				CLANG_WARN_UNGUARDED_AVAILABILITY = YES_AGGRESSIVE;
				CLANG_WARN_UNREACHABLE_CODE = YES;
				CLANG_WARN__DUPLICATE_METHOD_MATCH = YES;
				COPY_PHASE_STRIP = NO;
				DEBUG_INFORMATION_FORMAT = "dwarf-with-dsym";
				ENABLE_NS_ASSERTIONS = NO;
				ENABLE_STRICT_OBJC_MSGSEND = YES;
				GCC_C_LANGUAGE_STANDARD = gnu11;
				GCC_NO_COMMON_BLOCKS = YES;
				GCC_WARN_64_TO_32_BIT_CONVERSION = YES;
				GCC_WARN_ABOUT_RETURN_TYPE = YES_ERROR;
				GCC_WARN_UNDECLARED_SELECTOR = YES;
				GCC_WARN_UNINITIALIZED_AUTOS = YES_AGGRESSIVE;
				GCC_WARN_UNUSED_FUNCTION = YES;
				GCC_WARN_UNUSED_VARIABLE = YES;
				IPHONEOS_DEPLOYMENT_TARGET = 16.2;
				MTL_ENABLE_DEBUG_INFO = NO;
				MTL_FAST_MATH = YES;
				SDKROOT = iphoneos;
				SWIFT_COMPILATION_MODE = wholemodule;
				SWIFT_OPTIMIZATION_LEVEL = "-O";
				VALIDATE_PRODUCT = YES;
			};
			name = Release;
		};
		447433BD29CAC7E50062AFED /* Debug */ = {
			isa = XCBuildConfiguration;
			buildSettings = {
				ASSETCATALOG_COMPILER_APPICON_NAME = AppIcon;
				ASSETCATALOG_COMPILER_GLOBAL_ACCENT_COLOR_NAME = AccentColor;
				CODE_SIGN_STYLE = Automatic;
				CURRENT_PROJECT_VERSION = 1;
				DEVELOPMENT_ASSET_PATHS = "\"Postalgic/Preview Content\"";
				DEVELOPMENT_TEAM = 2Y9M69QJKZ;
				ENABLE_PREVIEWS = YES;
				GENERATE_INFOPLIST_FILE = YES;
				INFOPLIST_KEY_UIApplicationSceneManifest_Generation = YES;
				INFOPLIST_KEY_UIApplicationSupportsIndirectInputEvents = YES;
				INFOPLIST_KEY_UILaunchScreen_Generation = YES;
				INFOPLIST_KEY_UISupportedInterfaceOrientations_iPad = "UIInterfaceOrientationPortrait UIInterfaceOrientationPortraitUpsideDown UIInterfaceOrientationLandscapeLeft UIInterfaceOrientationLandscapeRight";
				INFOPLIST_KEY_UISupportedInterfaceOrientations_iPhone = "UIInterfaceOrientationPortrait UIInterfaceOrientationLandscapeLeft UIInterfaceOrientationLandscapeRight";
				LD_RUNPATH_SEARCH_PATHS = (
					"$(inherited)",
					"@executable_path/Frameworks",
				);
				MARKETING_VERSION = 1.0;
				PRODUCT_BUNDLE_IDENTIFIER = net.amiantos.Postalgic;
				PRODUCT_NAME = "$(TARGET_NAME)";
				SWIFT_EMIT_LOC_STRINGS = YES;
				SWIFT_VERSION = 5.0;
				TARGETED_DEVICE_FAMILY = "1,2";
			};
			name = Debug;
		};
		447433BE29CAC7E50062AFED /* Release */ = {
			isa = XCBuildConfiguration;
			buildSettings = {
				ASSETCATALOG_COMPILER_APPICON_NAME = AppIcon;
				ASSETCATALOG_COMPILER_GLOBAL_ACCENT_COLOR_NAME = AccentColor;
				CODE_SIGN_STYLE = Automatic;
				CURRENT_PROJECT_VERSION = 1;
				DEVELOPMENT_ASSET_PATHS = "\"Postalgic/Preview Content\"";
				DEVELOPMENT_TEAM = 2Y9M69QJKZ;
				ENABLE_PREVIEWS = YES;
				GENERATE_INFOPLIST_FILE = YES;
				INFOPLIST_KEY_UIApplicationSceneManifest_Generation = YES;
				INFOPLIST_KEY_UIApplicationSupportsIndirectInputEvents = YES;
				INFOPLIST_KEY_UILaunchScreen_Generation = YES;
				INFOPLIST_KEY_UISupportedInterfaceOrientations_iPad = "UIInterfaceOrientationPortrait UIInterfaceOrientationPortraitUpsideDown UIInterfaceOrientationLandscapeLeft UIInterfaceOrientationLandscapeRight";
				INFOPLIST_KEY_UISupportedInterfaceOrientations_iPhone = "UIInterfaceOrientationPortrait UIInterfaceOrientationLandscapeLeft UIInterfaceOrientationLandscapeRight";
				LD_RUNPATH_SEARCH_PATHS = (
					"$(inherited)",
					"@executable_path/Frameworks",
				);
				MARKETING_VERSION = 1.0;
				PRODUCT_BUNDLE_IDENTIFIER = net.amiantos.Postalgic;
				PRODUCT_NAME = "$(TARGET_NAME)";
				SWIFT_EMIT_LOC_STRINGS = YES;
				SWIFT_VERSION = 5.0;
				TARGETED_DEVICE_FAMILY = "1,2";
			};
			name = Release;
		};
/* End XCBuildConfiguration section */

/* Begin XCConfigurationList section */
		447433A429CAC7E50062AFED /* Build configuration list for PBXProject "Postalgic" */ = {
			isa = XCConfigurationList;
			buildConfigurations = (
				447433BA29CAC7E50062AFED /* Debug */,
				447433BB29CAC7E50062AFED /* Release */,
			);
			defaultConfigurationIsVisible = 0;
			defaultConfigurationName = Release;
		};
		447433BC29CAC7E50062AFED /* Build configuration list for PBXNativeTarget "Postalgic" */ = {
			isa = XCConfigurationList;
			buildConfigurations = (
				447433BD29CAC7E50062AFED /* Debug */,
				447433BE29CAC7E50062AFED /* Release */,
			);
			defaultConfigurationIsVisible = 0;
			defaultConfigurationName = Release;
		};
/* End XCConfigurationList section */

/* Begin XCVersionGroup section */
		447433B729CAC7E50062AFED /* Postalgic.xcdatamodeld */ = {
			isa = XCVersionGroup;
			children = (
				447433B829CAC7E50062AFED /* Postalgic.xcdatamodel */,
			);
			currentVersion = 447433B829CAC7E50062AFED /* Postalgic.xcdatamodel */;
			path = Postalgic.xcdatamodeld;
			sourceTree = "<group>";
			versionGroupType = wrapper.xcdatamodel;
		};
/* End XCVersionGroup section */
	};
	rootObject = 447433A129CAC7E50062AFED /* Project object */;
}
