// !$*UTF8*$!
{
	archiveVersion = 1;
	classes = {
	};
	objectVersion = 77;
	objects = {

/* Begin PBXBuildFile section */
		44362E792DBC0AEE00EA704F /* FTPPublisher.swift in Sources */ = {isa = PBXBuildFile; fileRef = 44362E782DBC0AE900EA704F /* FTPPublisher.swift */; };
		44362E7B2DBC0B0E00EA704F /* Publisher.swift in Sources */ = {isa = PBXBuildFile; fileRef = 44362E7A2DBC0B0B00EA704F /* Publisher.swift */; };
		44362E7F2DBC10F700EA704F /* Citadel in Frameworks */ = {isa = PBXBuildFile; productRef = 44362E7E2DBC10F700EA704F /* Citadel */; };
		44362E9F2DBCD04800EA704F /* PostRowView.swift in Sources */ = {isa = PBXBuildFile; fileRef = 44362E9E2DBCD04800EA704F /* PostRowView.swift */; };
		44362ED82DBD815F00EA704F /* Mustache in Frameworks */ = {isa = PBXBuildFile; productRef = 44362ED72DBD815F00EA704F /* Mustache */; };
		44362EDB2DBD826B00EA704F /* TemplateManager.swift in Sources */ = {isa = PBXBuildFile; fileRef = 44362ED92DBD826B00EA704F /* TemplateManager.swift */; };
		44362EDD2DBD829000EA704F /* TemplateModels.swift in Sources */ = {isa = PBXBuildFile; fileRef = 44362EDC2DBD829000EA704F /* TemplateModels.swift */; };
		44362EDF2DBD82B700EA704F /* TemplateEngine.swift in Sources */ = {isa = PBXBuildFile; fileRef = 44362EDE2DBD82B700EA704F /* TemplateEngine.swift */; };
		44362EE12DBD82EB00EA704F /* ManualPublisher.swift in Sources */ = {isa = PBXBuildFile; fileRef = 44362EE02DBD82EB00EA704F /* ManualPublisher.swift */; };
		44362EE32DBD833600EA704F /* TemplateCustomizationView.swift in Sources */ = {isa = PBXBuildFile; fileRef = 44362EE22DBD833600EA704F /* TemplateCustomizationView.swift */; };
		44362EFE2DBF3D7500EA704F /* PublishedFiles.swift in Sources */ = {isa = PBXBuildFile; fileRef = 44362EFD2DBF3D7500EA704F /* PublishedFiles.swift */; };
		44362F002DBF3D8200EA704F /* Utils+Extensions.swift in Sources */ = {isa = PBXBuildFile; fileRef = 44362EFF2DBF3D8200EA704F /* Utils+Extensions.swift */; };
		44362F162DC0989000EA704F /* LinkListFormView.swift in Sources */ = {isa = PBXBuildFile; fileRef = 44362F132DC0989000EA704F /* LinkListFormView.swift */; };
		44362F172DC0989000EA704F /* SidebarManagementView.swift in Sources */ = {isa = PBXBuildFile; fileRef = 44362F142DC0989000EA704F /* SidebarManagementView.swift */; };
		44362F182DC0989000EA704F /* TextBlockFormView.swift in Sources */ = {isa = PBXBuildFile; fileRef = 44362F152DC0989000EA704F /* TextBlockFormView.swift */; };
		443F0B2D2DB8D47500034EF1 /* EmbedView.swift in Sources */ = {isa = PBXBuildFile; fileRef = 443F0B2C2DB8D47500034EF1 /* EmbedView.swift */; };
		443F0B2E2DB8D47500034EF1 /* EmbedFormView.swift in Sources */ = {isa = PBXBuildFile; fileRef = 443F0B2B2DB8D47500034EF1 /* EmbedFormView.swift */; };
		443F0B302DB8D48B00034EF1 /* LinkMetadataService.swift in Sources */ = {isa = PBXBuildFile; fileRef = 443F0B2F2DB8D48B00034EF1 /* LinkMetadataService.swift */; };
		443F0B512DBAD7AC00034EF1 /* PreviewData.swift in Sources */ = {isa = PBXBuildFile; fileRef = 443F0B502DBAD7AC00034EF1 /* PreviewData.swift */; };
		443F0B532DBB5B7900034EF1 /* Utils.swift in Sources */ = {isa = PBXBuildFile; fileRef = 443F0B522DBB5B7900034EF1 /* Utils.swift */; };
		443F0B612DBB696600034EF1 /* HelpView.swift in Sources */ = {isa = PBXBuildFile; fileRef = 443F0B602DBB696600034EF1 /* HelpView.swift */; };
		443F0B632DBB6B9600034EF1 /* TagManagementView.swift in Sources */ = {isa = PBXBuildFile; fileRef = 443F0B622DBB6B9600034EF1 /* TagManagementView.swift */; };
		443F0B652DBB779200034EF1 /* PublishSettingsView.swift in Sources */ = {isa = PBXBuildFile; fileRef = 443F0B642DBB779200034EF1 /* PublishSettingsView.swift */; };
		443F0B672DBB7A7000034EF1 /* BlogFtpConfigView.swift in Sources */ = {isa = PBXBuildFile; fileRef = 443F0B662DBB7A7000034EF1 /* BlogFtpConfigView.swift */; };
		448E851D2DB3984200772502 /* ZIPFoundation in Frameworks */ = {isa = PBXBuildFile; productRef = 448E851C2DB3984200772502 /* ZIPFoundation */; };
		449CAF852DB47E2900558395 /* AWSCore in Frameworks */ = {isa = PBXBuildFile; productRef = 449CAF842DB47E2900558395 /* AWSCore */; };
		449CAF872DB47E2900558395 /* AWSS3 in Frameworks */ = {isa = PBXBuildFile; productRef = 449CAF862DB47E2900558395 /* AWSS3 */; };
		44C363C32DB632430057567C /* Ink in Frameworks */ = {isa = PBXBuildFile; productRef = 44C363C22DB632430057567C /* Ink */; };
		44C364202DB768DB0057567C /* AWSPublisher.swift in Sources */ = {isa = PBXBuildFile; fileRef = 44C3640E2DB768DB0057567C /* AWSPublisher.swift */; };
		44C364212DB768DB0057567C /* StaticSiteGenerator.swift in Sources */ = {isa = PBXBuildFile; fileRef = 44C3640F2DB768DB0057567C /* StaticSiteGenerator.swift */; };
		44C364222DB768DB0057567C /* BlogAwsConfigView.swift in Sources */ = {isa = PBXBuildFile; fileRef = 44C364112DB768DB0057567C /* BlogAwsConfigView.swift */; };
		44C364232DB768DB0057567C /* BlogDetailView.swift in Sources */ = {isa = PBXBuildFile; fileRef = 44C364122DB768DB0057567C /* BlogDetailView.swift */; };
		44C364242DB768DB0057567C /* BlogFormView.swift in Sources */ = {isa = PBXBuildFile; fileRef = 44C364132DB768DB0057567C /* BlogFormView.swift */; };
		44C364252DB768DB0057567C /* BlogsView.swift in Sources */ = {isa = PBXBuildFile; fileRef = 44C364142DB768DB0057567C /* BlogsView.swift */; };
		44C364262DB768DB0057567C /* CategoryManagementView.swift in Sources */ = {isa = PBXBuildFile; fileRef = 44C364152DB768DB0057567C /* CategoryManagementView.swift */; };
		44C364282DB768DB0057567C /* PostDetailView.swift in Sources */ = {isa = PBXBuildFile; fileRef = 44C364172DB768DB0057567C /* PostDetailView.swift */; };
		44C3642A2DB768DB0057567C /* PostFormView.swift in Sources */ = {isa = PBXBuildFile; fileRef = 44C364192DB768DB0057567C /* PostFormView.swift */; };
		44C3642B2DB768DB0057567C /* PublishBlogView.swift in Sources */ = {isa = PBXBuildFile; fileRef = 44C3641A2DB768DB0057567C /* PublishBlogView.swift */; };
		44C3642C2DB768DB0057567C /* Models.swift in Sources */ = {isa = PBXBuildFile; fileRef = 44C3641D2DB768DB0057567C /* Models.swift */; };
		44C3642D2DB768DB0057567C /* PostalgicApp.swift in Sources */ = {isa = PBXBuildFile; fileRef = 44C3641E2DB768DB0057567C /* PostalgicApp.swift */; };
		44C3642E2DB768DB0057567C /* Assets.xcassets in Resources */ = {isa = PBXBuildFile; fileRef = 44C3641C2DB768DB0057567C /* Assets.xcassets */; };
/* End PBXBuildFile section */

/* Begin PBXContainerItemProxy section */
		443674862DB3898600F67B00 /* PBXContainerItemProxy */ = {
			isa = PBXContainerItemProxy;
			containerPortal = 4436746E2DB3898500F67B00 /* Project object */;
			proxyType = 1;
			remoteGlobalIDString = 443674752DB3898500F67B00;
			remoteInfo = Postalgic;
		};
		443674902DB3898600F67B00 /* PBXContainerItemProxy */ = {
			isa = PBXContainerItemProxy;
			containerPortal = 4436746E2DB3898500F67B00 /* Project object */;
			proxyType = 1;
			remoteGlobalIDString = 443674752DB3898500F67B00;
			remoteInfo = Postalgic;
		};
/* End PBXContainerItemProxy section */

/* Begin PBXFileReference section */
		44362E782DBC0AE900EA704F /* FTPPublisher.swift */ = {isa = PBXFileReference; lastKnownFileType = sourcecode.swift; path = FTPPublisher.swift; sourceTree = "<group>"; };
		44362E7A2DBC0B0B00EA704F /* Publisher.swift */ = {isa = PBXFileReference; lastKnownFileType = sourcecode.swift; path = Publisher.swift; sourceTree = "<group>"; };
		44362E9E2DBCD04800EA704F /* PostRowView.swift */ = {isa = PBXFileReference; lastKnownFileType = sourcecode.swift; path = PostRowView.swift; sourceTree = "<group>"; };
		44362ED92DBD826B00EA704F /* TemplateManager.swift */ = {isa = PBXFileReference; lastKnownFileType = sourcecode.swift; path = TemplateManager.swift; sourceTree = "<group>"; };
		44362EDC2DBD829000EA704F /* TemplateModels.swift */ = {isa = PBXFileReference; lastKnownFileType = sourcecode.swift; path = TemplateModels.swift; sourceTree = "<group>"; };
		44362EDE2DBD82B700EA704F /* TemplateEngine.swift */ = {isa = PBXFileReference; lastKnownFileType = sourcecode.swift; path = TemplateEngine.swift; sourceTree = "<group>"; };
		44362EE02DBD82EB00EA704F /* ManualPublisher.swift */ = {isa = PBXFileReference; lastKnownFileType = sourcecode.swift; path = ManualPublisher.swift; sourceTree = "<group>"; };
		44362EE22DBD833600EA704F /* TemplateCustomizationView.swift */ = {isa = PBXFileReference; lastKnownFileType = sourcecode.swift; path = TemplateCustomizationView.swift; sourceTree = "<group>"; };
		44362EFD2DBF3D7500EA704F /* PublishedFiles.swift */ = {isa = PBXFileReference; lastKnownFileType = sourcecode.swift; path = PublishedFiles.swift; sourceTree = "<group>"; };
		44362EFF2DBF3D8200EA704F /* Utils+Extensions.swift */ = {isa = PBXFileReference; lastKnownFileType = sourcecode.swift; path = "Utils+Extensions.swift"; sourceTree = "<group>"; };
		44362F132DC0989000EA704F /* LinkListFormView.swift */ = {isa = PBXFileReference; lastKnownFileType = sourcecode.swift; path = LinkListFormView.swift; sourceTree = "<group>"; };
		44362F142DC0989000EA704F /* SidebarManagementView.swift */ = {isa = PBXFileReference; lastKnownFileType = sourcecode.swift; path = SidebarManagementView.swift; sourceTree = "<group>"; };
		44362F152DC0989000EA704F /* TextBlockFormView.swift */ = {isa = PBXFileReference; lastKnownFileType = sourcecode.swift; path = TextBlockFormView.swift; sourceTree = "<group>"; };
		443674762DB3898500F67B00 /* Postalgic.app */ = {isa = PBXFileReference; explicitFileType = wrapper.application; includeInIndex = 0; path = Postalgic.app; sourceTree = BUILT_PRODUCTS_DIR; };
		443674852DB3898600F67B00 /* PostalgicTests.xctest */ = {isa = PBXFileReference; explicitFileType = wrapper.cfbundle; includeInIndex = 0; path = PostalgicTests.xctest; sourceTree = BUILT_PRODUCTS_DIR; };
		4436748F2DB3898600F67B00 /* PostalgicUITests.xctest */ = {isa = PBXFileReference; explicitFileType = wrapper.cfbundle; includeInIndex = 0; path = PostalgicUITests.xctest; sourceTree = BUILT_PRODUCTS_DIR; };
		443F0B2B2DB8D47500034EF1 /* EmbedFormView.swift */ = {isa = PBXFileReference; lastKnownFileType = sourcecode.swift; path = EmbedFormView.swift; sourceTree = "<group>"; };
		443F0B2C2DB8D47500034EF1 /* EmbedView.swift */ = {isa = PBXFileReference; lastKnownFileType = sourcecode.swift; path = EmbedView.swift; sourceTree = "<group>"; };
		443F0B2F2DB8D48B00034EF1 /* LinkMetadataService.swift */ = {isa = PBXFileReference; lastKnownFileType = sourcecode.swift; path = LinkMetadataService.swift; sourceTree = "<group>"; };
		443F0B502DBAD7AC00034EF1 /* PreviewData.swift */ = {isa = PBXFileReference; lastKnownFileType = sourcecode.swift; path = PreviewData.swift; sourceTree = "<group>"; };
		443F0B522DBB5B7900034EF1 /* Utils.swift */ = {isa = PBXFileReference; lastKnownFileType = sourcecode.swift; path = Utils.swift; sourceTree = "<group>"; };
		443F0B602DBB696600034EF1 /* HelpView.swift */ = {isa = PBXFileReference; lastKnownFileType = sourcecode.swift; path = HelpView.swift; sourceTree = "<group>"; };
		443F0B622DBB6B9600034EF1 /* TagManagementView.swift */ = {isa = PBXFileReference; lastKnownFileType = sourcecode.swift; path = TagManagementView.swift; sourceTree = "<group>"; };
		443F0B642DBB779200034EF1 /* PublishSettingsView.swift */ = {isa = PBXFileReference; lastKnownFileType = sourcecode.swift; path = PublishSettingsView.swift; sourceTree = "<group>"; };
		443F0B662DBB7A7000034EF1 /* BlogFtpConfigView.swift */ = {isa = PBXFileReference; lastKnownFileType = sourcecode.swift; path = BlogFtpConfigView.swift; sourceTree = "<group>"; };
		44C3640E2DB768DB0057567C /* AWSPublisher.swift */ = {isa = PBXFileReference; lastKnownFileType = sourcecode.swift; path = AWSPublisher.swift; sourceTree = "<group>"; };
		44C3640F2DB768DB0057567C /* StaticSiteGenerator.swift */ = {isa = PBXFileReference; lastKnownFileType = sourcecode.swift; path = StaticSiteGenerator.swift; sourceTree = "<group>"; };
		44C364112DB768DB0057567C /* BlogAwsConfigView.swift */ = {isa = PBXFileReference; lastKnownFileType = sourcecode.swift; path = BlogAwsConfigView.swift; sourceTree = "<group>"; };
		44C364122DB768DB0057567C /* BlogDetailView.swift */ = {isa = PBXFileReference; lastKnownFileType = sourcecode.swift; path = BlogDetailView.swift; sourceTree = "<group>"; };
		44C364132DB768DB0057567C /* BlogFormView.swift */ = {isa = PBXFileReference; lastKnownFileType = sourcecode.swift; path = BlogFormView.swift; sourceTree = "<group>"; };
		44C364142DB768DB0057567C /* BlogsView.swift */ = {isa = PBXFileReference; lastKnownFileType = sourcecode.swift; path = BlogsView.swift; sourceTree = "<group>"; };
		44C364152DB768DB0057567C /* CategoryManagementView.swift */ = {isa = PBXFileReference; lastKnownFileType = sourcecode.swift; path = CategoryManagementView.swift; sourceTree = "<group>"; };
		44C364172DB768DB0057567C /* PostDetailView.swift */ = {isa = PBXFileReference; lastKnownFileType = sourcecode.swift; path = PostDetailView.swift; sourceTree = "<group>"; };
		44C364192DB768DB0057567C /* PostFormView.swift */ = {isa = PBXFileReference; lastKnownFileType = sourcecode.swift; path = PostFormView.swift; sourceTree = "<group>"; };
		44C3641A2DB768DB0057567C /* PublishBlogView.swift */ = {isa = PBXFileReference; lastKnownFileType = sourcecode.swift; path = PublishBlogView.swift; sourceTree = "<group>"; };
		44C3641C2DB768DB0057567C /* Assets.xcassets */ = {isa = PBXFileReference; lastKnownFileType = folder.assetcatalog; path = Assets.xcassets; sourceTree = "<group>"; };
		44C3641D2DB768DB0057567C /* Models.swift */ = {isa = PBXFileReference; lastKnownFileType = sourcecode.swift; path = Models.swift; sourceTree = "<group>"; };
		44C3641E2DB768DB0057567C /* PostalgicApp.swift */ = {isa = PBXFileReference; lastKnownFileType = sourcecode.swift; path = PostalgicApp.swift; sourceTree = "<group>"; };
/* End PBXFileReference section */

/* Begin PBXFileSystemSynchronizedRootGroup section */
		443674882DB3898600F67B00 /* PostalgicTests */ = {
			isa = PBXFileSystemSynchronizedRootGroup;
			path = PostalgicTests;
			sourceTree = "<group>";
		};
		443674922DB3898600F67B00 /* PostalgicUITests */ = {
			isa = PBXFileSystemSynchronizedRootGroup;
			path = PostalgicUITests;
			sourceTree = "<group>";
		};
/* End PBXFileSystemSynchronizedRootGroup section */

/* Begin PBXFrameworksBuildPhase section */
		443674732DB3898500F67B00 /* Frameworks */ = {
			isa = PBXFrameworksBuildPhase;
			buildActionMask = 2147483647;
			files = (
				44362ED82DBD815F00EA704F /* Mustache in Frameworks */,
				44362E7F2DBC10F700EA704F /* Citadel in Frameworks */,
				449CAF872DB47E2900558395 /* AWSS3 in Frameworks */,
				44C363C32DB632430057567C /* Ink in Frameworks */,
				448E851D2DB3984200772502 /* ZIPFoundation in Frameworks */,
				449CAF852DB47E2900558395 /* AWSCore in Frameworks */,
			);
			runOnlyForDeploymentPostprocessing = 0;
		};
		443674822DB3898600F67B00 /* Frameworks */ = {
			isa = PBXFrameworksBuildPhase;
			buildActionMask = 2147483647;
			files = (
			);
			runOnlyForDeploymentPostprocessing = 0;
		};
		4436748C2DB3898600F67B00 /* Frameworks */ = {
			isa = PBXFrameworksBuildPhase;
			buildActionMask = 2147483647;
			files = (
			);
			runOnlyForDeploymentPostprocessing = 0;
		};
/* End PBXFrameworksBuildPhase section */

/* Begin PBXGroup section */
		44362E7C2DBC0B1A00EA704F /* Publishers */ = {
			isa = PBXGroup;
			children = (
				44362E7A2DBC0B0B00EA704F /* Publisher.swift */,
				44362E782DBC0AE900EA704F /* FTPPublisher.swift */,
				44C3640E2DB768DB0057567C /* AWSPublisher.swift */,
				44362EE02DBD82EB00EA704F /* ManualPublisher.swift */,
			);
			path = Publishers;
			sourceTree = "<group>";
		};
		44362E802DBC2A7600EA704F /* Publishing */ = {
			isa = PBXGroup;
			children = (
				44C364112DB768DB0057567C /* BlogAwsConfigView.swift */,
				44C3641A2DB768DB0057567C /* PublishBlogView.swift */,
				443F0B642DBB779200034EF1 /* PublishSettingsView.swift */,
				443F0B662DBB7A7000034EF1 /* BlogFtpConfigView.swift */,
				44362EE22DBD833600EA704F /* TemplateCustomizationView.swift */,
			);
			path = Publishing;
			sourceTree = "<group>";
		};
		44362EF62DBDE7BF00EA704F /* Site Generation */ = {
			isa = PBXGroup;
			children = (
				44362EFD2DBF3D7500EA704F /* PublishedFiles.swift */,
				44C3640F2DB768DB0057567C /* StaticSiteGenerator.swift */,
				44362EDE2DBD82B700EA704F /* TemplateEngine.swift */,
				44362EDC2DBD829000EA704F /* TemplateModels.swift */,
				44362ED92DBD826B00EA704F /* TemplateManager.swift */,
			);
			path = "Site Generation";
			sourceTree = "<group>";
		};
		4436746D2DB3898500F67B00 = {
			isa = PBXGroup;
			children = (
				44C3641F2DB768DB0057567C /* Postalgic */,
				443674882DB3898600F67B00 /* PostalgicTests */,
				443674922DB3898600F67B00 /* PostalgicUITests */,
				443674772DB3898500F67B00 /* Products */,
			);
			sourceTree = "<group>";
		};
		443674772DB3898500F67B00 /* Products */ = {
			isa = PBXGroup;
			children = (
				443674762DB3898500F67B00 /* Postalgic.app */,
				443674852DB3898600F67B00 /* PostalgicTests.xctest */,
				4436748F2DB3898600F67B00 /* PostalgicUITests.xctest */,
			);
			name = Products;
			sourceTree = "<group>";
		};
		443F0B312DB8DFDB00034EF1 /* Posts */ = {
			isa = PBXGroup;
			children = (
				44C364172DB768DB0057567C /* PostDetailView.swift */,
				44C364192DB768DB0057567C /* PostFormView.swift */,
				443F0B2B2DB8D47500034EF1 /* EmbedFormView.swift */,
				443F0B2C2DB8D47500034EF1 /* EmbedView.swift */,
			);
			path = Posts;
			sourceTree = "<group>";
		};
		44C364102DB768DB0057567C /* Services */ = {
			isa = PBXGroup;
			children = (
				44362EF62DBDE7BF00EA704F /* Site Generation */,
				44362E7C2DBC0B1A00EA704F /* Publishers */,
				443F0B2F2DB8D48B00034EF1 /* LinkMetadataService.swift */,
				443F0B522DBB5B7900034EF1 /* Utils.swift */,
				44362EFF2DBF3D8200EA704F /* Utils+Extensions.swift */,
			);
			path = Services;
			sourceTree = "<group>";
		};
		44C3641B2DB768DB0057567C /* Views */ = {
			isa = PBXGroup;
			children = (
				44C3642F2DB768F90057567C /* Blog List */,
				44C364302DB769260057567C /* Blog Detail */,
				44362E802DBC2A7600EA704F /* Publishing */,
				443F0B312DB8DFDB00034EF1 /* Posts */,
			);
			path = Views;
			sourceTree = "<group>";
		};
		44C3641F2DB768DB0057567C /* Postalgic */ = {
			isa = PBXGroup;
			children = (
				44C3641C2DB768DB0057567C /* Assets.xcassets */,
				44C3641D2DB768DB0057567C /* Models.swift */,
				44C3641E2DB768DB0057567C /* PostalgicApp.swift */,
				443F0B502DBAD7AC00034EF1 /* PreviewData.swift */,
				44C364102DB768DB0057567C /* Services */,
				44C3641B2DB768DB0057567C /* Views */,
			);
			path = Postalgic;
			sourceTree = "<group>";
		};
		44C3642F2DB768F90057567C /* Blog List */ = {
			isa = PBXGroup;
			children = (
				44C364142DB768DB0057567C /* BlogsView.swift */,
				443F0B602DBB696600034EF1 /* HelpView.swift */,
				44C364132DB768DB0057567C /* BlogFormView.swift */,
			);
			path = "Blog List";
			sourceTree = "<group>";
		};
		44C364302DB769260057567C /* Blog Detail */ = {
			isa = PBXGroup;
			children = (
				44362F132DC0989000EA704F /* LinkListFormView.swift */,
				44362F142DC0989000EA704F /* SidebarManagementView.swift */,
				44362F152DC0989000EA704F /* TextBlockFormView.swift */,
				44362E9E2DBCD04800EA704F /* PostRowView.swift */,
				44C364122DB768DB0057567C /* BlogDetailView.swift */,
				44C364152DB768DB0057567C /* CategoryManagementView.swift */,
				443F0B622DBB6B9600034EF1 /* TagManagementView.swift */,
			);
			path = "Blog Detail";
			sourceTree = "<group>";
		};
/* End PBXGroup section */

/* Begin PBXNativeTarget section */
		443674752DB3898500F67B00 /* Postalgic */ = {
			isa = PBXNativeTarget;
			buildConfigurationList = 443674992DB3898600F67B00 /* Build configuration list for PBXNativeTarget "Postalgic" */;
			buildPhases = (
				443674722DB3898500F67B00 /* Sources */,
				443674732DB3898500F67B00 /* Frameworks */,
				443674742DB3898500F67B00 /* Resources */,
			);
			buildRules = (
			);
			dependencies = (
			);
			name = Postalgic;
			packageProductDependencies = (
				448E851C2DB3984200772502 /* ZIPFoundation */,
				449CAF842DB47E2900558395 /* AWSCore */,
				449CAF862DB47E2900558395 /* AWSS3 */,
				44C363C22DB632430057567C /* Ink */,
				44362E7E2DBC10F700EA704F /* Citadel */,
				44362ED72DBD815F00EA704F /* Mustache */,
			);
			productName = Postalgic;
			productReference = 443674762DB3898500F67B00 /* Postalgic.app */;
			productType = "com.apple.product-type.application";
		};
		443674842DB3898600F67B00 /* PostalgicTests */ = {
			isa = PBXNativeTarget;
			buildConfigurationList = 4436749C2DB3898600F67B00 /* Build configuration list for PBXNativeTarget "PostalgicTests" */;
			buildPhases = (
				443674812DB3898600F67B00 /* Sources */,
				443674822DB3898600F67B00 /* Frameworks */,
				443674832DB3898600F67B00 /* Resources */,
			);
			buildRules = (
			);
			dependencies = (
				443674872DB3898600F67B00 /* PBXTargetDependency */,
			);
			fileSystemSynchronizedGroups = (
				443674882DB3898600F67B00 /* PostalgicTests */,
			);
			name = PostalgicTests;
			packageProductDependencies = (
			);
			productName = PostalgicTests;
			productReference = 443674852DB3898600F67B00 /* PostalgicTests.xctest */;
			productType = "com.apple.product-type.bundle.unit-test";
		};
		4436748E2DB3898600F67B00 /* PostalgicUITests */ = {
			isa = PBXNativeTarget;
			buildConfigurationList = 4436749F2DB3898600F67B00 /* Build configuration list for PBXNativeTarget "PostalgicUITests" */;
			buildPhases = (
				4436748B2DB3898600F67B00 /* Sources */,
				4436748C2DB3898600F67B00 /* Frameworks */,
				4436748D2DB3898600F67B00 /* Resources */,
			);
			buildRules = (
			);
			dependencies = (
				443674912DB3898600F67B00 /* PBXTargetDependency */,
			);
			fileSystemSynchronizedGroups = (
				443674922DB3898600F67B00 /* PostalgicUITests */,
			);
			name = PostalgicUITests;
			packageProductDependencies = (
			);
			productName = PostalgicUITests;
			productReference = 4436748F2DB3898600F67B00 /* PostalgicUITests.xctest */;
			productType = "com.apple.product-type.bundle.ui-testing";
		};
/* End PBXNativeTarget section */

/* Begin PBXProject section */
		4436746E2DB3898500F67B00 /* Project object */ = {
			isa = PBXProject;
			attributes = {
				BuildIndependentTargetsInParallel = 1;
				LastSwiftUpdateCheck = 1630;
				LastUpgradeCheck = 1630;
				TargetAttributes = {
					443674752DB3898500F67B00 = {
						CreatedOnToolsVersion = 16.3;
					};
					443674842DB3898600F67B00 = {
						CreatedOnToolsVersion = 16.3;
						TestTargetID = 443674752DB3898500F67B00;
					};
					4436748E2DB3898600F67B00 = {
						CreatedOnToolsVersion = 16.3;
						TestTargetID = 443674752DB3898500F67B00;
					};
				};
			};
			buildConfigurationList = 443674712DB3898500F67B00 /* Build configuration list for PBXProject "Postalgic" */;
			developmentRegion = en;
			hasScannedForEncodings = 0;
			knownRegions = (
				en,
				Base,
			);
			mainGroup = 4436746D2DB3898500F67B00;
			minimizedProjectReferenceProxies = 1;
			packageReferences = (
				448E851B2DB3984200772502 /* XCRemoteSwiftPackageReference "ZIPFoundation" */,
				449CAF832DB47E2900558395 /* XCRemoteSwiftPackageReference "aws-sdk-ios-spm" */,
				44C363C12DB632430057567C /* XCRemoteSwiftPackageReference "Ink" */,
				44362E7D2DBC10F700EA704F /* XCRemoteSwiftPackageReference "Citadel" */,
				44362ED62DBD815F00EA704F /* XCRemoteSwiftPackageReference "swift-mustache" */,
			);
			preferredProjectObjectVersion = 77;
			productRefGroup = 443674772DB3898500F67B00 /* Products */;
			projectDirPath = "";
			projectRoot = "";
			targets = (
				443674752DB3898500F67B00 /* Postalgic */,
				443674842DB3898600F67B00 /* PostalgicTests */,
				4436748E2DB3898600F67B00 /* PostalgicUITests */,
			);
		};
/* End PBXProject section */

/* Begin PBXResourcesBuildPhase section */
		443674742DB3898500F67B00 /* Resources */ = {
			isa = PBXResourcesBuildPhase;
			buildActionMask = 2147483647;
			files = (
				44C3642E2DB768DB0057567C /* Assets.xcassets in Resources */,
			);
			runOnlyForDeploymentPostprocessing = 0;
		};
		443674832DB3898600F67B00 /* Resources */ = {
			isa = PBXResourcesBuildPhase;
			buildActionMask = 2147483647;
			files = (
			);
			runOnlyForDeploymentPostprocessing = 0;
		};
		4436748D2DB3898600F67B00 /* Resources */ = {
			isa = PBXResourcesBuildPhase;
			buildActionMask = 2147483647;
			files = (
			);
			runOnlyForDeploymentPostprocessing = 0;
		};
/* End PBXResourcesBuildPhase section */

/* Begin PBXSourcesBuildPhase section */
		443674722DB3898500F67B00 /* Sources */ = {
			isa = PBXSourcesBuildPhase;
			buildActionMask = 2147483647;
			files = (
				443F0B2D2DB8D47500034EF1 /* EmbedView.swift in Sources */,
				443F0B2E2DB8D47500034EF1 /* EmbedFormView.swift in Sources */,
				44C364202DB768DB0057567C /* AWSPublisher.swift in Sources */,
				44362F162DC0989000EA704F /* LinkListFormView.swift in Sources */,
				44362F172DC0989000EA704F /* SidebarManagementView.swift in Sources */,
				44362F182DC0989000EA704F /* TextBlockFormView.swift in Sources */,
				443F0B652DBB779200034EF1 /* PublishSettingsView.swift in Sources */,
				44C364212DB768DB0057567C /* StaticSiteGenerator.swift in Sources */,
				44C364222DB768DB0057567C /* BlogAwsConfigView.swift in Sources */,
				443F0B672DBB7A7000034EF1 /* BlogFtpConfigView.swift in Sources */,
				44362EE32DBD833600EA704F /* TemplateCustomizationView.swift in Sources */,
				44C364232DB768DB0057567C /* BlogDetailView.swift in Sources */,
				44C364242DB768DB0057567C /* BlogFormView.swift in Sources */,
				44C364252DB768DB0057567C /* BlogsView.swift in Sources */,
				44362EDF2DBD82B700EA704F /* TemplateEngine.swift in Sources */,
				443F0B512DBAD7AC00034EF1 /* PreviewData.swift in Sources */,
				44362EDD2DBD829000EA704F /* TemplateModels.swift in Sources */,
				443F0B532DBB5B7900034EF1 /* Utils.swift in Sources */,
				44C364262DB768DB0057567C /* CategoryManagementView.swift in Sources */,
				44362E7B2DBC0B0E00EA704F /* Publisher.swift in Sources */,
				44362EE12DBD82EB00EA704F /* ManualPublisher.swift in Sources */,
				443F0B632DBB6B9600034EF1 /* TagManagementView.swift in Sources */,
				44362F002DBF3D8200EA704F /* Utils+Extensions.swift in Sources */,
				44362EDB2DBD826B00EA704F /* TemplateManager.swift in Sources */,
				44C364282DB768DB0057567C /* PostDetailView.swift in Sources */,
				44362E792DBC0AEE00EA704F /* FTPPublisher.swift in Sources */,
				44C3642A2DB768DB0057567C /* PostFormView.swift in Sources */,
				443F0B612DBB696600034EF1 /* HelpView.swift in Sources */,
				44362EFE2DBF3D7500EA704F /* PublishedFiles.swift in Sources */,
				44C3642B2DB768DB0057567C /* PublishBlogView.swift in Sources */,
				44C3642C2DB768DB0057567C /* Models.swift in Sources */,
				44362E9F2DBCD04800EA704F /* PostRowView.swift in Sources */,
				44C3642D2DB768DB0057567C /* PostalgicApp.swift in Sources */,
				443F0B302DB8D48B00034EF1 /* LinkMetadataService.swift in Sources */,
			);
			runOnlyForDeploymentPostprocessing = 0;
		};
		443674812DB3898600F67B00 /* Sources */ = {
			isa = PBXSourcesBuildPhase;
			buildActionMask = 2147483647;
			files = (
			);
			runOnlyForDeploymentPostprocessing = 0;
		};
		4436748B2DB3898600F67B00 /* Sources */ = {
			isa = PBXSourcesBuildPhase;
			buildActionMask = 2147483647;
			files = (
			);
			runOnlyForDeploymentPostprocessing = 0;
		};
/* End PBXSourcesBuildPhase section */

/* Begin PBXTargetDependency section */
		443674872DB3898600F67B00 /* PBXTargetDependency */ = {
			isa = PBXTargetDependency;
			target = 443674752DB3898500F67B00 /* Postalgic */;
			targetProxy = 443674862DB3898600F67B00 /* PBXContainerItemProxy */;
		};
		443674912DB3898600F67B00 /* PBXTargetDependency */ = {
			isa = PBXTargetDependency;
			target = 443674752DB3898500F67B00 /* Postalgic */;
			targetProxy = 443674902DB3898600F67B00 /* PBXContainerItemProxy */;
		};
/* End PBXTargetDependency section */

/* Begin XCBuildConfiguration section */
		443674972DB3898600F67B00 /* Debug */ = {
			isa = XCBuildConfiguration;
			buildSettings = {
				ALWAYS_SEARCH_USER_PATHS = NO;
				ASSETCATALOG_COMPILER_GENERATE_SWIFT_ASSET_SYMBOL_EXTENSIONS = YES;
				CLANG_ANALYZER_NONNULL = YES;
				CLANG_ANALYZER_NUMBER_OBJECT_CONVERSION = YES_AGGRESSIVE;
				CLANG_CXX_LANGUAGE_STANDARD = "gnu++20";
				CLANG_ENABLE_MODULES = YES;
				CLANG_ENABLE_OBJC_ARC = YES;
				CLANG_ENABLE_OBJC_WEAK = YES;
				CLANG_WARN_BLOCK_CAPTURE_AUTORELEASING = YES;
				CLANG_WARN_BOOL_CONVERSION = YES;
				CLANG_WARN_COMMA = YES;
				CLANG_WARN_CONSTANT_CONVERSION = YES;
				CLANG_WARN_DEPRECATED_OBJC_IMPLEMENTATIONS = YES;
				CLANG_WARN_DIRECT_OBJC_ISA_USAGE = YES_ERROR;
				CLANG_WARN_DOCUMENTATION_COMMENTS = YES;
				CLANG_WARN_EMPTY_BODY = YES;
				CLANG_WARN_ENUM_CONVERSION = YES;
				CLANG_WARN_INFINITE_RECURSION = YES;
				CLANG_WARN_INT_CONVERSION = YES;
				CLANG_WARN_NON_LITERAL_NULL_CONVERSION = YES;
				CLANG_WARN_OBJC_IMPLICIT_RETAIN_SELF = YES;
				CLANG_WARN_OBJC_LITERAL_CONVERSION = YES;
				CLANG_WARN_OBJC_ROOT_CLASS = YES_ERROR;
				CLANG_WARN_QUOTED_INCLUDE_IN_FRAMEWORK_HEADER = YES;
				CLANG_WARN_RANGE_LOOP_ANALYSIS = YES;
				CLANG_WARN_STRICT_PROTOTYPES = YES;
				CLANG_WARN_SUSPICIOUS_MOVE = YES;
				CLANG_WARN_UNGUARDED_AVAILABILITY = YES_AGGRESSIVE;
				CLANG_WARN_UNREACHABLE_CODE = YES;
				CLANG_WARN__DUPLICATE_METHOD_MATCH = YES;
				COPY_PHASE_STRIP = NO;
				DEBUG_INFORMATION_FORMAT = dwarf;
				DEVELOPMENT_TEAM = 2Y9M69QJKZ;
				ENABLE_STRICT_OBJC_MSGSEND = YES;
				ENABLE_TESTABILITY = YES;
				ENABLE_USER_SCRIPT_SANDBOXING = YES;
				GCC_C_LANGUAGE_STANDARD = gnu17;
				GCC_DYNAMIC_NO_PIC = NO;
				GCC_NO_COMMON_BLOCKS = YES;
				GCC_OPTIMIZATION_LEVEL = 0;
				GCC_PREPROCESSOR_DEFINITIONS = (
					"DEBUG=1",
					"$(inherited)",
				);
				GCC_WARN_64_TO_32_BIT_CONVERSION = YES;
				GCC_WARN_ABOUT_RETURN_TYPE = YES_ERROR;
				GCC_WARN_UNDECLARED_SELECTOR = YES;
				GCC_WARN_UNINITIALIZED_AUTOS = YES_AGGRESSIVE;
				GCC_WARN_UNUSED_FUNCTION = YES;
				GCC_WARN_UNUSED_VARIABLE = YES;
				IPHONEOS_DEPLOYMENT_TARGET = 18.4;
				LOCALIZATION_PREFERS_STRING_CATALOGS = YES;
				MTL_ENABLE_DEBUG_INFO = INCLUDE_SOURCE;
				MTL_FAST_MATH = YES;
				ONLY_ACTIVE_ARCH = YES;
				SDKROOT = iphoneos;
				SWIFT_ACTIVE_COMPILATION_CONDITIONS = "DEBUG $(inherited)";
				SWIFT_OPTIMIZATION_LEVEL = "-Onone";
			};
			name = Debug;
		};
		443674982DB3898600F67B00 /* Release */ = {
			isa = XCBuildConfiguration;
			buildSettings = {
				ALWAYS_SEARCH_USER_PATHS = NO;
				ASSETCATALOG_COMPILER_GENERATE_SWIFT_ASSET_SYMBOL_EXTENSIONS = YES;
				CLANG_ANALYZER_NONNULL = YES;
				CLANG_ANALYZER_NUMBER_OBJECT_CONVERSION = YES_AGGRESSIVE;
				CLANG_CXX_LANGUAGE_STANDARD = "gnu++20";
				CLANG_ENABLE_MODULES = YES;
				CLANG_ENABLE_OBJC_ARC = YES;
				CLANG_ENABLE_OBJC_WEAK = YES;
				CLANG_WARN_BLOCK_CAPTURE_AUTORELEASING = YES;
				CLANG_WARN_BOOL_CONVERSION = YES;
				CLANG_WARN_COMMA = YES;
				CLANG_WARN_CONSTANT_CONVERSION = YES;
				CLANG_WARN_DEPRECATED_OBJC_IMPLEMENTATIONS = YES;
				CLANG_WARN_DIRECT_OBJC_ISA_USAGE = YES_ERROR;
				CLANG_WARN_DOCUMENTATION_COMMENTS = YES;
				CLANG_WARN_EMPTY_BODY = YES;
				CLANG_WARN_ENUM_CONVERSION = YES;
				CLANG_WARN_INFINITE_RECURSION = YES;
				CLANG_WARN_INT_CONVERSION = YES;
				CLANG_WARN_NON_LITERAL_NULL_CONVERSION = YES;
				CLANG_WARN_OBJC_IMPLICIT_RETAIN_SELF = YES;
				CLANG_WARN_OBJC_LITERAL_CONVERSION = YES;
				CLANG_WARN_OBJC_ROOT_CLASS = YES_ERROR;
				CLANG_WARN_QUOTED_INCLUDE_IN_FRAMEWORK_HEADER = YES;
				CLANG_WARN_RANGE_LOOP_ANALYSIS = YES;
				CLANG_WARN_STRICT_PROTOTYPES = YES;
				CLANG_WARN_SUSPICIOUS_MOVE = YES;
				CLANG_WARN_UNGUARDED_AVAILABILITY = YES_AGGRESSIVE;
				CLANG_WARN_UNREACHABLE_CODE = YES;
				CLANG_WARN__DUPLICATE_METHOD_MATCH = YES;
				COPY_PHASE_STRIP = NO;
				DEBUG_INFORMATION_FORMAT = "dwarf-with-dsym";
				DEVELOPMENT_TEAM = 2Y9M69QJKZ;
				ENABLE_NS_ASSERTIONS = NO;
				ENABLE_STRICT_OBJC_MSGSEND = YES;
				ENABLE_USER_SCRIPT_SANDBOXING = YES;
				GCC_C_LANGUAGE_STANDARD = gnu17;
				GCC_NO_COMMON_BLOCKS = YES;
				GCC_WARN_64_TO_32_BIT_CONVERSION = YES;
				GCC_WARN_ABOUT_RETURN_TYPE = YES_ERROR;
				GCC_WARN_UNDECLARED_SELECTOR = YES;
				GCC_WARN_UNINITIALIZED_AUTOS = YES_AGGRESSIVE;
				GCC_WARN_UNUSED_FUNCTION = YES;
				GCC_WARN_UNUSED_VARIABLE = YES;
				IPHONEOS_DEPLOYMENT_TARGET = 18.4;
				LOCALIZATION_PREFERS_STRING_CATALOGS = YES;
				MTL_ENABLE_DEBUG_INFO = NO;
				MTL_FAST_MATH = YES;
				SDKROOT = iphoneos;
				SWIFT_COMPILATION_MODE = wholemodule;
				VALIDATE_PRODUCT = YES;
			};
			name = Release;
		};
		4436749A2DB3898600F67B00 /* Debug */ = {
			isa = XCBuildConfiguration;
			buildSettings = {
				ASSETCATALOG_COMPILER_APPICON_NAME = AppIcon;
				ASSETCATALOG_COMPILER_GLOBAL_ACCENT_COLOR_NAME = AccentColor;
				CODE_SIGN_STYLE = Automatic;
				CURRENT_PROJECT_VERSION = 1;
				DEVELOPMENT_TEAM = 2Y9M69QJKZ;
				ENABLE_PREVIEWS = YES;
				GENERATE_INFOPLIST_FILE = YES;
				INFOPLIST_KEY_UIApplicationSceneManifest_Generation = YES;
				INFOPLIST_KEY_UIApplicationSupportsIndirectInputEvents = YES;
				INFOPLIST_KEY_UILaunchScreen_Generation = YES;
				INFOPLIST_KEY_UIStatusBarStyle = "";
				INFOPLIST_KEY_UISupportedInterfaceOrientations_iPad = "UIInterfaceOrientationPortrait UIInterfaceOrientationPortraitUpsideDown UIInterfaceOrientationLandscapeLeft UIInterfaceOrientationLandscapeRight";
				INFOPLIST_KEY_UISupportedInterfaceOrientations_iPhone = "UIInterfaceOrientationPortrait UIInterfaceOrientationLandscapeLeft UIInterfaceOrientationLandscapeRight";
				LD_RUNPATH_SEARCH_PATHS = (
					"$(inherited)",
					"@executable_path/Frameworks",
				);
				MARKETING_VERSION = 1.0;
				PRODUCT_BUNDLE_IDENTIFIER = net.amiantos.postalgic;
				PRODUCT_NAME = "$(TARGET_NAME)";
				SWIFT_EMIT_LOC_STRINGS = YES;
				SWIFT_VERSION = 5.0;
				TARGETED_DEVICE_FAMILY = "1,2";
			};
			name = Debug;
		};
		4436749B2DB3898600F67B00 /* Release */ = {
			isa = XCBuildConfiguration;
			buildSettings = {
				ASSETCATALOG_COMPILER_APPICON_NAME = AppIcon;
				ASSETCATALOG_COMPILER_GLOBAL_ACCENT_COLOR_NAME = AccentColor;
				CODE_SIGN_STYLE = Automatic;
				CURRENT_PROJECT_VERSION = 1;
				DEVELOPMENT_TEAM = 2Y9M69QJKZ;
				ENABLE_PREVIEWS = YES;
				GENERATE_INFOPLIST_FILE = YES;
				INFOPLIST_KEY_UIApplicationSceneManifest_Generation = YES;
				INFOPLIST_KEY_UIApplicationSupportsIndirectInputEvents = YES;
				INFOPLIST_KEY_UILaunchScreen_Generation = YES;
				INFOPLIST_KEY_UIStatusBarStyle = "";
				INFOPLIST_KEY_UISupportedInterfaceOrientations_iPad = "UIInterfaceOrientationPortrait UIInterfaceOrientationPortraitUpsideDown UIInterfaceOrientationLandscapeLeft UIInterfaceOrientationLandscapeRight";
				INFOPLIST_KEY_UISupportedInterfaceOrientations_iPhone = "UIInterfaceOrientationPortrait UIInterfaceOrientationLandscapeLeft UIInterfaceOrientationLandscapeRight";
				LD_RUNPATH_SEARCH_PATHS = (
					"$(inherited)",
					"@executable_path/Frameworks",
				);
				MARKETING_VERSION = 1.0;
				PRODUCT_BUNDLE_IDENTIFIER = net.amiantos.postalgic;
				PRODUCT_NAME = "$(TARGET_NAME)";
				SWIFT_EMIT_LOC_STRINGS = YES;
				SWIFT_VERSION = 5.0;
				TARGETED_DEVICE_FAMILY = "1,2";
			};
			name = Release;
		};
		4436749D2DB3898600F67B00 /* Debug */ = {
			isa = XCBuildConfiguration;
			buildSettings = {
				BUNDLE_LOADER = "$(TEST_HOST)";
				CODE_SIGN_STYLE = Automatic;
				CURRENT_PROJECT_VERSION = 1;
				DEVELOPMENT_TEAM = 2Y9M69QJKZ;
				GENERATE_INFOPLIST_FILE = YES;
				IPHONEOS_DEPLOYMENT_TARGET = 18.4;
				MARKETING_VERSION = 1.0;
				PRODUCT_BUNDLE_IDENTIFIER = net.amiantos.PostalgicTests;
				PRODUCT_NAME = "$(TARGET_NAME)";
				SWIFT_EMIT_LOC_STRINGS = NO;
				SWIFT_VERSION = 5.0;
				TARGETED_DEVICE_FAMILY = "1,2";
				TEST_HOST = "$(BUILT_PRODUCTS_DIR)/Postalgic.app/$(BUNDLE_EXECUTABLE_FOLDER_PATH)/Postalgic";
			};
			name = Debug;
		};
		4436749E2DB3898600F67B00 /* Release */ = {
			isa = XCBuildConfiguration;
			buildSettings = {
				BUNDLE_LOADER = "$(TEST_HOST)";
				CODE_SIGN_STYLE = Automatic;
				CURRENT_PROJECT_VERSION = 1;
				DEVELOPMENT_TEAM = 2Y9M69QJKZ;
				GENERATE_INFOPLIST_FILE = YES;
				IPHONEOS_DEPLOYMENT_TARGET = 18.4;
				MARKETING_VERSION = 1.0;
				PRODUCT_BUNDLE_IDENTIFIER = net.amiantos.PostalgicTests;
				PRODUCT_NAME = "$(TARGET_NAME)";
				SWIFT_EMIT_LOC_STRINGS = NO;
				SWIFT_VERSION = 5.0;
				TARGETED_DEVICE_FAMILY = "1,2";
				TEST_HOST = "$(BUILT_PRODUCTS_DIR)/Postalgic.app/$(BUNDLE_EXECUTABLE_FOLDER_PATH)/Postalgic";
			};
			name = Release;
		};
		443674A02DB3898600F67B00 /* Debug */ = {
			isa = XCBuildConfiguration;
			buildSettings = {
				CODE_SIGN_STYLE = Automatic;
				CURRENT_PROJECT_VERSION = 1;
				DEVELOPMENT_TEAM = 2Y9M69QJKZ;
				GENERATE_INFOPLIST_FILE = YES;
				MARKETING_VERSION = 1.0;
				PRODUCT_BUNDLE_IDENTIFIER = net.amiantos.PostalgicUITests;
				PRODUCT_NAME = "$(TARGET_NAME)";
				SWIFT_EMIT_LOC_STRINGS = NO;
				SWIFT_VERSION = 5.0;
				TARGETED_DEVICE_FAMILY = "1,2";
				TEST_TARGET_NAME = Postalgic;
			};
			name = Debug;
		};
		443674A12DB3898600F67B00 /* Release */ = {
			isa = XCBuildConfiguration;
			buildSettings = {
				CODE_SIGN_STYLE = Automatic;
				CURRENT_PROJECT_VERSION = 1;
				DEVELOPMENT_TEAM = 2Y9M69QJKZ;
				GENERATE_INFOPLIST_FILE = YES;
				MARKETING_VERSION = 1.0;
				PRODUCT_BUNDLE_IDENTIFIER = net.amiantos.PostalgicUITests;
				PRODUCT_NAME = "$(TARGET_NAME)";
				SWIFT_EMIT_LOC_STRINGS = NO;
				SWIFT_VERSION = 5.0;
				TARGETED_DEVICE_FAMILY = "1,2";
				TEST_TARGET_NAME = Postalgic;
			};
			name = Release;
		};
/* End XCBuildConfiguration section */

/* Begin XCConfigurationList section */
		443674712DB3898500F67B00 /* Build configuration list for PBXProject "Postalgic" */ = {
			isa = XCConfigurationList;
			buildConfigurations = (
				443674972DB3898600F67B00 /* Debug */,
				443674982DB3898600F67B00 /* Release */,
			);
			defaultConfigurationIsVisible = 0;
			defaultConfigurationName = Release;
		};
		443674992DB3898600F67B00 /* Build configuration list for PBXNativeTarget "Postalgic" */ = {
			isa = XCConfigurationList;
			buildConfigurations = (
				4436749A2DB3898600F67B00 /* Debug */,
				4436749B2DB3898600F67B00 /* Release */,
			);
			defaultConfigurationIsVisible = 0;
			defaultConfigurationName = Release;
		};
		4436749C2DB3898600F67B00 /* Build configuration list for PBXNativeTarget "PostalgicTests" */ = {
			isa = XCConfigurationList;
			buildConfigurations = (
				4436749D2DB3898600F67B00 /* Debug */,
				4436749E2DB3898600F67B00 /* Release */,
			);
			defaultConfigurationIsVisible = 0;
			defaultConfigurationName = Release;
		};
		4436749F2DB3898600F67B00 /* Build configuration list for PBXNativeTarget "PostalgicUITests" */ = {
			isa = XCConfigurationList;
			buildConfigurations = (
				443674A02DB3898600F67B00 /* Debug */,
				443674A12DB3898600F67B00 /* Release */,
			);
			defaultConfigurationIsVisible = 0;
			defaultConfigurationName = Release;
		};
/* End XCConfigurationList section */

/* Begin XCRemoteSwiftPackageReference section */
		44362E7D2DBC10F700EA704F /* XCRemoteSwiftPackageReference "Citadel" */ = {
			isa = XCRemoteSwiftPackageReference;
			repositoryURL = "https://github.com/orlandos-nl/Citadel";
			requirement = {
				kind = upToNextMajorVersion;
				minimumVersion = 0.10.0;
			};
		};
		44362ED62DBD815F00EA704F /* XCRemoteSwiftPackageReference "swift-mustache" */ = {
			isa = XCRemoteSwiftPackageReference;
			repositoryURL = "https://github.com/hummingbird-project/swift-mustache?tab=readme-ov-file";
			requirement = {
				kind = upToNextMajorVersion;
				minimumVersion = 2.0.0;
			};
		};
		448E851B2DB3984200772502 /* XCRemoteSwiftPackageReference "ZIPFoundation" */ = {
			isa = XCRemoteSwiftPackageReference;
			repositoryURL = "https://github.com/weichsel/ZIPFoundation";
			requirement = {
				kind = upToNextMajorVersion;
				minimumVersion = 0.9.19;
			};
		};
		449CAF832DB47E2900558395 /* XCRemoteSwiftPackageReference "aws-sdk-ios-spm" */ = {
			isa = XCRemoteSwiftPackageReference;
			repositoryURL = "https://github.com/aws-amplify/aws-sdk-ios-spm.git";
			requirement = {
				kind = upToNextMajorVersion;
				minimumVersion = 2.40.1;
			};
		};
		44C363C12DB632430057567C /* XCRemoteSwiftPackageReference "Ink" */ = {
			isa = XCRemoteSwiftPackageReference;
			repositoryURL = "https://github.com/JohnSundell/Ink";
			requirement = {
				kind = upToNextMajorVersion;
				minimumVersion = 0.6.0;
			};
		};
/* End XCRemoteSwiftPackageReference section */

/* Begin XCSwiftPackageProductDependency section */
		44362E7E2DBC10F700EA704F /* Citadel */ = {
			isa = XCSwiftPackageProductDependency;
			package = 44362E7D2DBC10F700EA704F /* XCRemoteSwiftPackageReference "Citadel" */;
			productName = Citadel;
		};
		44362ED72DBD815F00EA704F /* Mustache */ = {
			isa = XCSwiftPackageProductDependency;
			package = 44362ED62DBD815F00EA704F /* XCRemoteSwiftPackageReference "swift-mustache" */;
			productName = Mustache;
		};
		448E851C2DB3984200772502 /* ZIPFoundation */ = {
			isa = XCSwiftPackageProductDependency;
			package = 448E851B2DB3984200772502 /* XCRemoteSwiftPackageReference "ZIPFoundation" */;
			productName = ZIPFoundation;
		};
		449CAF842DB47E2900558395 /* AWSCore */ = {
			isa = XCSwiftPackageProductDependency;
			package = 449CAF832DB47E2900558395 /* XCRemoteSwiftPackageReference "aws-sdk-ios-spm" */;
			productName = AWSCore;
		};
		449CAF862DB47E2900558395 /* AWSS3 */ = {
			isa = XCSwiftPackageProductDependency;
			package = 449CAF832DB47E2900558395 /* XCRemoteSwiftPackageReference "aws-sdk-ios-spm" */;
			productName = AWSS3;
		};
		44C363C22DB632430057567C /* Ink */ = {
			isa = XCSwiftPackageProductDependency;
			package = 44C363C12DB632430057567C /* XCRemoteSwiftPackageReference "Ink" */;
			productName = Ink;
		};
/* End XCSwiftPackageProductDependency section */
	};
	rootObject = 4436746E2DB3898500F67B00 /* Project object */;
}
